
Microsoft Visual Studio Solution File, Format Version 12.00
# Visual Studio Version 17
VisualStudioVersion = 17.6.33712.159
MinimumVisualStudioVersion = 10.0.40219.1
Project("{FAE04EC0-301F-11D3-BF4B-00C04F79EFBC}") = "Sabadell_JV_C2C_VtosLej_Endpoint", "Sabadell_JV_C2C_VtosLej_Endpoint.csproj", "{8E5F03ED-EED6-49E1-BE87-D592D1B99AC6}"
EndProject
Global
	GlobalSection(SolutionConfigurationPlatforms) = preSolution
		Debug|Any CPU = Debug|Any CPU
		Release|Any CPU = Release|Any CPU
	EndGlobalSection
	GlobalSection(ProjectConfigurationPlatforms) = postSolution
		{8E5F03ED-EED6-49E1-BE87-D592D1B99AC6}.Debug|Any CPU.ActiveCfg = Debug|Any CPU
		{8E5F03ED-EED6-49E1-BE87-D592D1B99AC6}.Debug|Any CPU.Build.0 = Debug|Any CPU
		{8E5F03ED-EED6-49E1-BE87-D592D1B99AC6}.Release|Any CPU.ActiveCfg = Release|Any CPU
		{8E5F03ED-EED6-49E1-BE87-D592D1B99AC6}.Release|Any CPU.Build.0 = Release|Any CPU
	EndGlobalSection
	GlobalSection(SolutionProperties) = preSolution
		HideSolutionNode = FALSE
	EndGlobalSection
	GlobalSection(ExtensibilityGlobals) = postSolution
		SolutionGuid = {4645AD0A-E64C-4A4A-9767-81ED4ECF3CBD}
	EndGlobalSection
EndGlobal
